{
  "name": "ts",
  "lockfileVersion": 2,
  "requires": true,
  "packages": {
    "": {
      "dependencies": {
        "@types/chart.js": "^2.9.36",
        "moment": "^2.29.4"
      },
      "devDependencies": {
        "@types/node": "^17.0.23"
      }
    },
    "node_modules/@types/chart.js": {
      "version": "2.9.36",
      "resolved": "https://registry.npmjs.org/@types/chart.js/-/chart.js-2.9.36.tgz",
      "integrity": "sha512-lkG9C6O5TqKyW3JDWMfCedVUATH4AeQCo8Q/vflT/0VDj6KMcba+jr1wLe+IXQ+F9mVWn80DVsDnt6cPuGutIg==",
      "dependencies": {
        "moment": "^2.10.2"
      }
    },
    "node_modules/@types/node": {
      "version": "17.0.23",
      "resolved": "https://registry.npmjs.org/@types/node/-/node-17.0.23.tgz",
      "integrity": "sha512-UxDxWn7dl97rKVeVS61vErvw086aCYhDLyvRQZ5Rk65rZKepaFdm53GeqXaKBuOhED4e9uWq34IC3TdSdJJ2Gw==",
      "dev": true
    },
    "node_modules/moment": {
      "version": "2.29.4",
      "resolved": "https://registry.npmjs.org/moment/-/moment-2.29.4.tgz",
      "integrity": "sha512-5LC9SOxjSc2HF6vO2CyuTDNivEdoz2IvyJJGj6X8DJ0eFyfszE0QiEd+iXmBvUP3WHxSjFH/vIsA0EN00cgr8w==",
      "engines": {
        "node": "*"
      }
    }
  },
  "dependencies": {
    "@types/chart.js": {
      "version": "2.9.36",
      "resolved": "https://registry.npmjs.org/@types/chart.js/-/chart.js-2.9.36.tgz",
      "integrity": "sha512-lkG9C6O5TqKyW3JDWMfCedVUATH4AeQCo8Q/vflT/0VDj6KMcba+jr1wLe+IXQ+F9mVWn80DVsDnt6cPuGutIg==",
      "requires": {
        "moment": "^2.10.2"
      }
    },
    "@types/node": {
      "version": "17.0.23",
      "resolved": "https://registry.npmjs.org/@types/node/-/node-17.0.23.tgz",
      "integrity": "sha512-UxDxWn7dl97rKVeVS61vErvw086aCYhDLyvRQZ5Rk65rZKepaFdm53GeqXaKBuOhED4e9uWq34IC3TdSdJJ2Gw==",
      "dev": true
    },
    "moment": {
      "version": "2.29.4",
      "resolved": "https://registry.npmjs.org/moment/-/moment-2.29.4.tgz",
      "integrity": "sha512-5LC9SOxjSc2HF6vO2CyuTDNivEdoz2IvyJJGj6X8DJ0eFyfszE0QiEd+iXmBvUP3WHxSjFH/vIsA0EN00cgr8w=="
    }
  }
}
